// !$*UTF8*$!
{
	archiveVersion = 1;
	classes = {
	};
	objectVersion = 50;
	objects = {

/* Begin PBXBuildFile section */
		AFAE0EA8255812B00046B587 /* AppDelegate.swift in Sources */ = {isa = PBXBuildFile; fileRef = AFAE0EA7255812B00046B587 /* AppDelegate.swift */; };
		AFAE0EAA255812B00046B587 /* SceneDelegate.swift in Sources */ = {isa = PBXBuildFile; fileRef = AFAE0EA9255812B00046B587 /* SceneDelegate.swift */; };
		AFAE0EAC255812B00046B587 /* ViewController.swift in Sources */ = {isa = PBXBuildFile; fileRef = AFAE0EAB255812B00046B587 /* ViewController.swift */; };
		AFAE0EAF255812B00046B587 /* Main.storyboard in Resources */ = {isa = PBXBuildFile; fileRef = AFAE0EAD255812B00046B587 /* Main.storyboard */; };
		AFAE0EB1255812B10046B587 /* Assets.xcassets in Resources */ = {isa = PBXBuildFile; fileRef = AFAE0EB0255812B10046B587 /* Assets.xcassets */; };
		AFAE0EB4255812B10046B587 /* LaunchScreen.storyboard in Resources */ = {isa = PBXBuildFile; fileRef = AFAE0EB2255812B10046B587 /* LaunchScreen.storyboard */; };
/* End PBXBuildFile section */

/* Begin PBXFileReference section */
		AFAE0EA4255812B00046B587 /* HelloWorld_StoryBoard.app */ = {isa = PBXFileReference; explicitFileType = wrapper.application; includeInIndex = 0; path = HelloWorld_StoryBoard.app; sourceTree = BUILT_PRODUCTS_DIR; };
		AFAE0EA7255812B00046B587 /* AppDelegate.swift */ = {isa = PBXFileReference; lastKnownFileType = sourcecode.swift; path = AppDelegate.swift; sourceTree = "<group>"; };
		AFAE0EA9255812B00046B587 /* SceneDelegate.swift */ = {isa = PBXFileReference; lastKnownFileType = sourcecode.swift; path = SceneDelegate.swift; sourceTree = "<group>"; };
		AFAE0EAB255812B00046B587 /* ViewController.swift */ = {isa = PBXFileReference; lastKnownFileType = sourcecode.swift; path = ViewController.swift; sourceTree = "<group>"; };
		AFAE0EAE255812B00046B587 /* Base */ = {isa = PBXFileReference; lastKnownFileType = file.storyboard; name = Base; path = Base.lproj/Main.storyboard; sourceTree = "<group>"; };
		AFAE0EB0255812B10046B587 /* Assets.xcassets */ = {isa = PBXFileReference; lastKnownFileType = folder.assetcatalog; path = Assets.xcassets; sourceTree = "<group>"; };
		AFAE0EB3255812B10046B587 /* Base */ = {isa = PBXFileReference; lastKnownFileType = file.storyboard; name = Base; path = Base.lproj/LaunchScreen.storyboard; sourceTree = "<group>"; };
		AFAE0EB5255812B10046B587 /* Info.plist */ = {isa = PBXFileReference; lastKnownFileType = text.plist.xml; path = Info.plist; sourceTree = "<group>"; };
/* End PBXFileReference section */

/* Begin PBXFrameworksBuildPhase section */
		AFAE0EA1255812B00046B587 /* Frameworks */ = {
			isa = PBXFrameworksBuildPhase;
			buildActionMask = 2147483647;
			files = (
			);
			runOnlyForDeploymentPostprocessing = 0;
		};
/* End PBXFrameworksBuildPhase section */

/* Begin PBXGroup section */
		AFAE0E9B255812B00046B587 = {
			isa = PBXGroup;
			children = (
				AFAE0EA6255812B00046B587 /* HelloWorld_StoryBoard */,
				AFAE0EA5255812B00046B587 /* Products */,
			);
			sourceTree = "<group>";
		};
		AFAE0EA5255812B00046B587 /* Products */ = {
			isa = PBXGroup;
			children = (
				AFAE0EA4255812B00046B587 /* HelloWorld_StoryBoard.app */,
			);
			name = Products;
			sourceTree = "<group>";
		};
		AFAE0EA6255812B00046B587 /* HelloWorld_StoryBoard */ = {
			isa = PBXGroup;
			children = (
				AFAE0EA7255812B00046B587 /* AppDelegate.swift */,
				AFAE0EA9255812B00046B587 /* SceneDelegate.swift */,
				AFAE0EAB255812B00046B587 /* ViewController.swift */,
				AFAE0EAD255812B00046B587 /* Main.storyboard */,
				AFAE0EB0255812B10046B587 /* Assets.xcassets */,
				AFAE0EB2255812B10046B587 /* LaunchScreen.storyboard */,
				AFAE0EB5255812B10046B587 /* Info.plist */,
			);
			path = HelloWorld_StoryBoard;
			sourceTree = "<group>";
		};
/* End PBXGroup section */

/* Begin PBXNativeTarget section */
		AFAE0EA3255812B00046B587 /* HelloWorld_StoryBoard */ = {
			isa = PBXNativeTarget;
			buildConfigurationList = AFAE0EB8255812B10046B587 /* Build configuration list for PBXNativeTarget "HelloWorld_StoryBoard" */;
			buildPhases = (
				AFAE0EA0255812B00046B587 /* Sources */,
				AFAE0EA1255812B00046B587 /* Frameworks */,
				AFAE0EA2255812B00046B587 /* Resources */,
			);
			buildRules = (
			);
			dependencies = (
			);
			name = HelloWorld_StoryBoard;
			productName = HelloWorld_StoryBoard;
			productReference = AFAE0EA4255812B00046B587 /* HelloWorld_StoryBoard.app */;
			productType = "com.apple.product-type.application";
		};
/* End PBXNativeTarget section */

/* Begin PBXProject section */
		AFAE0E9C255812B00046B587 /* Project object */ = {
			isa = PBXProject;
			attributes = {
				LastSwiftUpdateCheck = 1210;
				LastUpgradeCheck = 1210;
				TargetAttributes = {
					AFAE0EA3255812B00046B587 = {
						CreatedOnToolsVersion = 12.1;
					};
				};
			};
			buildConfigurationList = AFAE0E9F255812B00046B587 /* Build configuration list for PBXProject "HelloWorld_StoryBoard" */;
			compatibilityVersion = "Xcode 9.3";
			developmentRegion = en;
			hasScannedForEncodings = 0;
			knownRegions = (
				en,
				Base,
			);
			mainGroup = AFAE0E9B255812B00046B587;
			productRefGroup = AFAE0EA5255812B00046B587 /* Products */;
			projectDirPath = "";
			projectRoot = "";
			targets = (
				AFAE0EA3255812B00046B587 /* HelloWorld_StoryBoard */,
			);
		};
/* End PBXProject section */

/* Begin PBXResourcesBuildPhase section */
		AFAE0EA2255812B00046B587 /* Resources */ = {
			isa = PBXResourcesBuildPhase;
			buildActionMask = 2147483647;
			files = (
				AFAE0EB4255812B10046B587 /* LaunchScreen.storyboard in Resources */,
				AFAE0EB1255812B10046B587 /* Assets.xcassets in Resources */,
				AFAE0EAF255812B00046B587 /* Main.storyboard in Resources */,
			);
			runOnlyForDeploymentPostprocessing = 0;
		};
/* End PBXResourcesBuildPhase section */

/* Begin PBXSourcesBuildPhase section */
		AFAE0EA0255812B00046B587 /* Sources */ = {
			isa = PBXSourcesBuildPhase;
			buildActionMask = 2147483647;
			files = (
				AFAE0EAC255812B00046B587 /* ViewController.swift in Sources */,
				AFAE0EA8255812B00046B587 /* AppDelegate.swift in Sources */,
				AFAE0EAA255812B00046B587 /* SceneDelegate.swift in Sources */,
			);
			runOnlyForDeploymentPostprocessing = 0;
		};
/* End PBXSourcesBuildPhase section */

/* Begin PBXVariantGroup section */
		AFAE0EAD255812B00046B587 /* Main.storyboard */ = {
			isa = PBXVariantGroup;
			children = (
				AFAE0EAE255812B00046B587 /* Base */,
			);
			name = Main.storyboard;
			sourceTree = "<group>";
		};
		AFAE0EB2255812B10046B587 /* LaunchScreen.storyboard */ = {
			isa = PBXVariantGroup;
			children = (
				AFAE0EB3255812B10046B587 /* Base */,
			);
			name = LaunchScreen.storyboard;
			sourceTree = "<group>";
		};
/* End PBXVariantGroup section */

/* Begin XCBuildConfiguration section */
		AFAE0EB6255812B10046B587 /* Debug */ = {
			isa = XCBuildConfiguration;
			buildSettings = {
				ALWAYS_SEARCH_USER_PATHS = NO;
				CLANG_ANALYZER_NONNULL = YES;
				CLANG_ANALYZER_NUMBER_OBJECT_CONVERSION = YES_AGGRESSIVE;
				CLANG_CXX_LANGUAGE_STANDARD = "gnu++14";
				CLANG_CXX_LIBRARY = "libc++";
				CLANG_ENABLE_MODULES = YES;
				CLANG_ENABLE_OBJC_ARC = YES;
				CLANG_ENABLE_OBJC_WEAK = YES;
				CLANG_WARN_BLOCK_CAPTURE_AUTORELEASING = YES;
				CLANG_WARN_BOOL_CONVERSION = YES;
				CLANG_WARN_COMMA = YES;
				CLANG_WARN_CONSTANT_CONVERSION = YES;
				CLANG_WARN_DEPRECATED_OBJC_IMPLEMENTATIONS = YES;
				CLANG_WARN_DIRECT_OBJC_ISA_USAGE = YES_ERROR;
				CLANG_WARN_DOCUMENTATION_COMMENTS = YES;
				CLANG_WARN_EMPTY_BODY = YES;
				CLANG_WARN_ENUM_CONVERSION = YES;
				CLANG_WARN_INFINITE_RECURSION = YES;
				CLANG_WARN_INT_CONVERSION = YES;
				CLANG_WARN_NON_LITERAL_NULL_CONVERSION = YES;
				CLANG_WARN_OBJC_IMPLICIT_RETAIN_SELF = YES;
				CLANG_WARN_OBJC_LITERAL_CONVERSION = YES;
				CLANG_WARN_OBJC_ROOT_CLASS = YES_ERROR;
				CLANG_WARN_QUOTED_INCLUDE_IN_FRAMEWORK_HEADER = YES;
				CLANG_WARN_RANGE_LOOP_ANALYSIS = YES;
				CLANG_WARN_STRICT_PROTOTYPES = YES;
				CLANG_WARN_SUSPICIOUS_MOVE = YES;
				CLANG_WARN_UNGUARDED_AVAILABILITY = YES_AGGRESSIVE;
				CLANG_WARN_UNREACHABLE_CODE = YES;
				CLANG_WARN__DUPLICATE_METHOD_MATCH = YES;
				COPY_PHASE_STRIP = NO;
				DEBUG_INFORMATION_FORMAT = dwarf;
				ENABLE_STRICT_OBJC_MSGSEND = YES;
				ENABLE_TESTABILITY = YES;
				GCC_C_LANGUAGE_STANDARD = gnu11;
				GCC_DYNAMIC_NO_PIC = NO;
				GCC_NO_COMMON_BLOCKS = YES;
				GCC_OPTIMIZATION_LEVEL = 0;
				GCC_PREPROCESSOR_DEFINITIONS = (
					"DEBUG=1",
					"$(inherited)",
				);
				GCC_WARN_64_TO_32_BIT_CONVERSION = YES;
				GCC_WARN_ABOUT_RETURN_TYPE = YES_ERROR;
				GCC_WARN_UNDECLARED_SELECTOR = YES;
				GCC_WARN_UNINITIALIZED_AUTOS = YES_AGGRESSIVE;
				GCC_WARN_UNUSED_FUNCTION = YES;
				GCC_WARN_UNUSED_VARIABLE = YES;
				IPHONEOS_DEPLOYMENT_TARGET = 14.1;
				MTL_ENABLE_DEBUG_INFO = INCLUDE_SOURCE;
				MTL_FAST_MATH = YES;
				ONLY_ACTIVE_ARCH = YES;
				SDKROOT = iphoneos;
				SWIFT_ACTIVE_COMPILATION_CONDITIONS = DEBUG;
				SWIFT_OPTIMIZATION_LEVEL = "-Onone";
			};
			name = Debug;
		};
		AFAE0EB7255812B10046B587 /* Release */ = {
			isa = XCBuildConfiguration;
			buildSettings = {
				ALWAYS_SEARCH_USER_PATHS = NO;
				CLANG_ANALYZER_NONNULL = YES;
				CLANG_ANALYZER_NUMBER_OBJECT_CONVERSION = YES_AGGRESSIVE;
				CLANG_CXX_LANGUAGE_STANDARD = "gnu++14";
				CLANG_CXX_LIBRARY = "libc++";
				CLANG_ENABLE_MODULES = YES;
				CLANG_ENABLE_OBJC_ARC = YES;
				CLANG_ENABLE_OBJC_WEAK = YES;
				CLANG_WARN_BLOCK_CAPTURE_AUTORELEASING = YES;
				CLANG_WARN_BOOL_CONVERSION = YES;
				CLANG_WARN_COMMA = YES;
				CLANG_WARN_CONSTANT_CONVERSION = YES;
				CLANG_WARN_DEPRECATED_OBJC_IMPLEMENTATIONS = YES;
				CLANG_WARN_DIRECT_OBJC_ISA_USAGE = YES_ERROR;
				CLANG_WARN_DOCUMENTATION_COMMENTS = YES;
				CLANG_WARN_EMPTY_BODY = YES;
				CLANG_WARN_ENUM_CONVERSION = YES;
				CLANG_WARN_INFINITE_RECURSION = YES;
				CLANG_WARN_INT_CONVERSION = YES;
				CLANG_WARN_NON_LITERAL_NULL_CONVERSION = YES;
				CLANG_WARN_OBJC_IMPLICIT_RETAIN_SELF = YES;
				CLANG_WARN_OBJC_LITERAL_CONVERSION = YES;
				CLANG_WARN_OBJC_ROOT_CLASS = YES_ERROR;
				CLANG_WARN_QUOTED_INCLUDE_IN_FRAMEWORK_HEADER = YES;
				CLANG_WARN_RANGE_LOOP_ANALYSIS = YES;
				CLANG_WARN_STRICT_PROTOTYPES = YES;
				CLANG_WARN_SUSPICIOUS_MOVE = YES;
				CLANG_WARN_UNGUARDED_AVAILABILITY = YES_AGGRESSIVE;
				CLANG_WARN_UNREACHABLE_CODE = YES;
				CLANG_WARN__DUPLICATE_METHOD_MATCH = YES;
				COPY_PHASE_STRIP = NO;
				DEBUG_INFORMATION_FORMAT = "dwarf-with-dsym";
				ENABLE_NS_ASSERTIONS = NO;
				ENABLE_STRICT_OBJC_MSGSEND = YES;
				GCC_C_LANGUAGE_STANDARD = gnu11;
				GCC_NO_COMMON_BLOCKS = YES;
				GCC_WARN_64_TO_32_BIT_CONVERSION = YES;
				GCC_WARN_ABOUT_RETURN_TYPE = YES_ERROR;
				GCC_WARN_UNDECLARED_SELECTOR = YES;
				GCC_WARN_UNINITIALIZED_AUTOS = YES_AGGRESSIVE;
				GCC_WARN_UNUSED_FUNCTION = YES;
				GCC_WARN_UNUSED_VARIABLE = YES;
				IPHONEOS_DEPLOYMENT_TARGET = 14.1;
				MTL_ENABLE_DEBUG_INFO = NO;
				MTL_FAST_MATH = YES;
				SDKROOT = iphoneos;
				SWIFT_COMPILATION_MODE = wholemodule;
				SWIFT_OPTIMIZATION_LEVEL = "-O";
				VALIDATE_PRODUCT = YES;
			};
			name = Release;
		};
		AFAE0EB9255812B10046B587 /* Debug */ = {
			isa = XCBuildConfiguration;
			buildSettings = {
				ASSETCATALOG_COMPILER_APPICON_NAME = AppIcon;
				ASSETCATALOG_COMPILER_GLOBAL_ACCENT_COLOR_NAME = AccentColor;
				CODE_SIGN_STYLE = Automatic;
				DEVELOPMENT_TEAM = RUTYHTV7SG;
				INFOPLIST_FILE = HelloWorld_StoryBoard/Info.plist;
				LD_RUNPATH_SEARCH_PATHS = (
					"$(inherited)",
					"@executable_path/Frameworks",
				);
				PRODUCT_BUNDLE_IDENTIFIER = "heonilLab.HelloWorld-StoryBoard";
				PRODUCT_NAME = "$(TARGET_NAME)";
				SWIFT_VERSION = 5.0;
				TARGETED_DEVICE_FAMILY = "1,2";
			};
			name = Debug;
		};
		AFAE0EBA255812B10046B587 /* Release */ = {
			isa = XCBuildConfiguration;
			buildSettings = {
				ASSETCATALOG_COMPILER_APPICON_NAME = AppIcon;
				ASSETCATALOG_COMPILER_GLOBAL_ACCENT_COLOR_NAME = AccentColor;
				CODE_SIGN_STYLE = Automatic;
				DEVELOPMENT_TEAM = RUTYHTV7SG;
				INFOPLIST_FILE = HelloWorld_StoryBoard/Info.plist;
				LD_RUNPATH_SEARCH_PATHS = (
					"$(inherited)",
					"@executable_path/Frameworks",
				);
				PRODUCT_BUNDLE_IDENTIFIER = "heonilLab.HelloWorld-StoryBoard";
				PRODUCT_NAME = "$(TARGET_NAME)";
				SWIFT_VERSION = 5.0;
				TARGETED_DEVICE_FAMILY = "1,2";
			};
			name = Release;
		};
/* End XCBuildConfiguration section */

/* Begin XCConfigurationList section */
		AFAE0E9F255812B00046B587 /* Build configuration list for PBXProject "HelloWorld_StoryBoard" */ = {
			isa = XCConfigurationList;
			buildConfigurations = (
				AFAE0EB6255812B10046B587 /* Debug */,
				AFAE0EB7255812B10046B587 /* Release */,
			);
			defaultConfigurationIsVisible = 0;
			defaultConfigurationName = Release;
		};
		AFAE0EB8255812B10046B587 /* Build configuration list for PBXNativeTarget "HelloWorld_StoryBoard" */ = {
			isa = XCConfigurationList;
			buildConfigurations = (
				AFAE0EB9255812B10046B587 /* Debug */,
				AFAE0EBA255812B10046B587 /* Release */,
			);
			defaultConfigurationIsVisible = 0;
			defaultConfigurationName = Release;
		};
/* End XCConfigurationList section */
	};
	rootObject = AFAE0E9C255812B00046B587 /* Project object */;
}
